
Microsoft Visual Studio Solution File, Format Version 12.00
# Visual Studio Version 17
VisualStudioVersion = 17.6.33829.357
MinimumVisualStudioVersion = 10.0.40219.1
Project("{F2A71F9B-5D33-465A-A702-920D77279786}") = "TRParser", "TRParser\TRParser.fsproj", "{0FCA3462-E38F-49B9-AC35-97890FAE7BF3}"
EndProject
Global
	GlobalSection(SolutionConfigurationPlatforms) = preSolution
		Debug|Any CPU = Debug|Any CPU
		Release|Any CPU = Release|Any CPU
	EndGlobalSection
	GlobalSection(ProjectConfigurationPlatforms) = postSolution
		{0FCA3462-E38F-49B9-AC35-97890FAE7BF3}.Debug|Any CPU.ActiveCfg = Debug|Any CPU
		{0FCA3462-E38F-49B9-AC35-97890FAE7BF3}.Debug|Any CPU.Build.0 = Debug|Any CPU
		{0FCA3462-E38F-49B9-AC35-97890FAE7BF3}.Release|Any CPU.ActiveCfg = Release|Any CPU
		{0FCA3462-E38F-49B9-AC35-97890FAE7BF3}.Release|Any CPU.Build.0 = Release|Any CPU
	EndGlobalSection
	GlobalSection(SolutionProperties) = preSolution
		HideSolutionNode = FALSE
	EndGlobalSection
	GlobalSection(ExtensibilityGlobals) = postSolution
		SolutionGuid = {2526CF47-1C5A-4FCE-A8E3-39F42FF565A5}
	EndGlobalSection
EndGlobal
